
Microsoft Visual Studio Solution File, Format Version 12.00
# Visual Studio Version 17
VisualStudioVersion = 17.5.33414.496
MinimumVisualStudioVersion = 10.0.40219.1
Project("{FAE04EC0-301F-11D3-BF4B-00C04F79EFBC}") = "112ThreadPool", "112ThreadPool.csproj", "{72728487-9AC9-44AA-AB9C-C235D1CC7AD9}"
EndProject
Global
	GlobalSection(SolutionConfigurationPlatforms) = preSolution
		Debug|Any CPU = Debug|Any CPU
		Release|Any CPU = Release|Any CPU
	EndGlobalSection
	GlobalSection(ProjectConfigurationPlatforms) = postSolution
		{72728487-9AC9-44AA-AB9C-C235D1CC7AD9}.Debug|Any CPU.ActiveCfg = Debug|Any CPU
		{72728487-9AC9-44AA-AB9C-C235D1CC7AD9}.Debug|Any CPU.Build.0 = Debug|Any CPU
		{72728487-9AC9-44AA-AB9C-C235D1CC7AD9}.Release|Any CPU.ActiveCfg = Release|Any CPU
		{72728487-9AC9-44AA-AB9C-C235D1CC7AD9}.Release|Any CPU.Build.0 = Release|Any CPU
	EndGlobalSection
	GlobalSection(SolutionProperties) = preSolution
		HideSolutionNode = FALSE
	EndGlobalSection
	GlobalSection(ExtensibilityGlobals) = postSolution
		SolutionGuid = {F1BD00BA-E920-4B80-8D64-4B6074C538CC}
	EndGlobalSection
EndGlobal
