
Microsoft Visual Studio Solution File, Format Version 12.00
# Visual Studio Version 17
VisualStudioVersion = 17.5.33414.496
MinimumVisualStudioVersion = 10.0.40219.1
Project("{FAE04EC0-301F-11D3-BF4B-00C04F79EFBC}") = "EjemploPOOCirculo", "EjemploPOOCirculo.csproj", "{7F8E92F9-CD18-4FED-9639-0EF910689FAB}"
EndProject
Global
	GlobalSection(SolutionConfigurationPlatforms) = preSolution
		Debug|Any CPU = Debug|Any CPU
		Release|Any CPU = Release|Any CPU
	EndGlobalSection
	GlobalSection(ProjectConfigurationPlatforms) = postSolution
		{7F8E92F9-CD18-4FED-9639-0EF910689FAB}.Debug|Any CPU.ActiveCfg = Debug|Any CPU
		{7F8E92F9-CD18-4FED-9639-0EF910689FAB}.Debug|Any CPU.Build.0 = Debug|Any CPU
		{7F8E92F9-CD18-4FED-9639-0EF910689FAB}.Release|Any CPU.ActiveCfg = Release|Any CPU
		{7F8E92F9-CD18-4FED-9639-0EF910689FAB}.Release|Any CPU.Build.0 = Release|Any CPU
	EndGlobalSection
	GlobalSection(SolutionProperties) = preSolution
		HideSolutionNode = FALSE
	EndGlobalSection
	GlobalSection(ExtensibilityGlobals) = postSolution
		SolutionGuid = {9F7DB637-33CB-4D8F-8DB1-14D8F2487673}
	EndGlobalSection
EndGlobal
