
Microsoft Visual Studio Solution File, Format Version 12.00
# Visual Studio Version 17
VisualStudioVersion = 17.5.33414.496
MinimumVisualStudioVersion = 10.0.40219.1
Project("{FAE04EC0-301F-11D3-BF4B-00C04F79EFBC}") = "113_task_I", "113_task_I.csproj", "{A7D75BC1-8FB5-4D97-803C-1F4D44206C11}"
EndProject
Global
	GlobalSection(SolutionConfigurationPlatforms) = preSolution
		Debug|Any CPU = Debug|Any CPU
		Release|Any CPU = Release|Any CPU
	EndGlobalSection
	GlobalSection(ProjectConfigurationPlatforms) = postSolution
		{A7D75BC1-8FB5-4D97-803C-1F4D44206C11}.Debug|Any CPU.ActiveCfg = Debug|Any CPU
		{A7D75BC1-8FB5-4D97-803C-1F4D44206C11}.Debug|Any CPU.Build.0 = Debug|Any CPU
		{A7D75BC1-8FB5-4D97-803C-1F4D44206C11}.Release|Any CPU.ActiveCfg = Release|Any CPU
		{A7D75BC1-8FB5-4D97-803C-1F4D44206C11}.Release|Any CPU.Build.0 = Release|Any CPU
	EndGlobalSection
	GlobalSection(SolutionProperties) = preSolution
		HideSolutionNode = FALSE
	EndGlobalSection
	GlobalSection(ExtensibilityGlobals) = postSolution
		SolutionGuid = {7DA151BC-D8B9-41C9-878F-C0B2C5C496E5}
	EndGlobalSection
EndGlobal
