
Microsoft Visual Studio Solution File, Format Version 12.00
# Visual Studio Version 17
VisualStudioVersion = 17.5.33414.496
MinimumVisualStudioVersion = 10.0.40219.1
Project("{FAE04EC0-301F-11D3-BF4B-00C04F79EFBC}") = "PrimeraInterface", "PrimeraInterface.csproj", "{D186C9F6-1EB3-4474-B4FE-343E3B44EF29}"
EndProject
Global
	GlobalSection(SolutionConfigurationPlatforms) = preSolution
		Debug|Any CPU = Debug|Any CPU
		Release|Any CPU = Release|Any CPU
	EndGlobalSection
	GlobalSection(ProjectConfigurationPlatforms) = postSolution
		{D186C9F6-1EB3-4474-B4FE-343E3B44EF29}.Debug|Any CPU.ActiveCfg = Debug|Any CPU
		{D186C9F6-1EB3-4474-B4FE-343E3B44EF29}.Debug|Any CPU.Build.0 = Debug|Any CPU
		{D186C9F6-1EB3-4474-B4FE-343E3B44EF29}.Release|Any CPU.ActiveCfg = Release|Any CPU
		{D186C9F6-1EB3-4474-B4FE-343E3B44EF29}.Release|Any CPU.Build.0 = Release|Any CPU
	EndGlobalSection
	GlobalSection(SolutionProperties) = preSolution
		HideSolutionNode = FALSE
	EndGlobalSection
	GlobalSection(ExtensibilityGlobals) = postSolution
		SolutionGuid = {458EE5CB-1389-44FA-9F0E-D825446A7C64}
	EndGlobalSection
EndGlobal
