
Microsoft Visual Studio Solution File, Format Version 12.00
# Visual Studio Version 17
VisualStudioVersion = 17.5.33414.496
MinimumVisualStudioVersion = 10.0.40219.1
Project("{FAE04EC0-301F-11D3-BF4B-00C04F79EFBC}") = "AvisosVarios", "AvisosVarios.csproj", "{86EE1C14-6E91-4889-B2BB-E29F878A0555}"
EndProject
Global
	GlobalSection(SolutionConfigurationPlatforms) = preSolution
		Debug|Any CPU = Debug|Any CPU
		Release|Any CPU = Release|Any CPU
	EndGlobalSection
	GlobalSection(ProjectConfigurationPlatforms) = postSolution
		{86EE1C14-6E91-4889-B2BB-E29F878A0555}.Debug|Any CPU.ActiveCfg = Debug|Any CPU
		{86EE1C14-6E91-4889-B2BB-E29F878A0555}.Debug|Any CPU.Build.0 = Debug|Any CPU
		{86EE1C14-6E91-4889-B2BB-E29F878A0555}.Release|Any CPU.ActiveCfg = Release|Any CPU
		{86EE1C14-6E91-4889-B2BB-E29F878A0555}.Release|Any CPU.Build.0 = Release|Any CPU
	EndGlobalSection
	GlobalSection(SolutionProperties) = preSolution
		HideSolutionNode = FALSE
	EndGlobalSection
	GlobalSection(ExtensibilityGlobals) = postSolution
		SolutionGuid = {78F70426-9BFF-4D3E-9BAA-872CDF69F9CF}
	EndGlobalSection
EndGlobal
