
Microsoft Visual Studio Solution File, Format Version 12.00
# Visual Studio Version 17
VisualStudioVersion = 17.5.33414.496
MinimumVisualStudioVersion = 10.0.40219.1
Project("{9A19103F-16F7-4668-BE54-9A1E7A4F7556}") = "WpfProperties", "WpfProperties.csproj", "{6481DFC1-7A6A-44D8-9B29-84631CDED10E}"
EndProject
Project("{2150E333-8FDC-42A3-9474-1A3956D46DE8}") = "Elementos de la solución", "Elementos de la solución", "{6520ED36-5E1B-4FEA-99A6-7A4D8A0066CC}"
	ProjectSection(SolutionItems) = preProject
		JuntaNombre.cs = JuntaNombre.cs
	EndProjectSection
EndProject
Global
	GlobalSection(SolutionConfigurationPlatforms) = preSolution
		Debug|Any CPU = Debug|Any CPU
		Release|Any CPU = Release|Any CPU
	EndGlobalSection
	GlobalSection(ProjectConfigurationPlatforms) = postSolution
		{6481DFC1-7A6A-44D8-9B29-84631CDED10E}.Debug|Any CPU.ActiveCfg = Debug|Any CPU
		{6481DFC1-7A6A-44D8-9B29-84631CDED10E}.Debug|Any CPU.Build.0 = Debug|Any CPU
		{6481DFC1-7A6A-44D8-9B29-84631CDED10E}.Release|Any CPU.ActiveCfg = Release|Any CPU
		{6481DFC1-7A6A-44D8-9B29-84631CDED10E}.Release|Any CPU.Build.0 = Release|Any CPU
	EndGlobalSection
	GlobalSection(SolutionProperties) = preSolution
		HideSolutionNode = FALSE
	EndGlobalSection
	GlobalSection(ExtensibilityGlobals) = postSolution
		SolutionGuid = {7796456F-CA03-4C4C-890A-05648312B75C}
	EndGlobalSection
EndGlobal
